{
  "projects": [
    {
      "projectId": "vxhLNdYPiZkVHCUwHukgLS",
      "version": "latest",
      "dependencies": {},
      "lang": "ts",
      "fileLocks": [
        {
          "type": "globalVariant",
          "assetId": "BSAoCHpNAwrkE",
          "checksum": "204c65c4944dd43555943578b6004d1f"
        },
        {
          "type": "renderModule",
          "assetId": "HEzhWpoasdTp",
          "checksum": "2d340a507f8313af068dc7501eee7583"
        },
        {
          "type": "cssRules",
          "assetId": "HEzhWpoasdTp",
          "checksum": "2d340a507f8313af068dc7501eee7583"
        },
        {
          "type": "icon",
          "assetId": "prVyMtsdF4-r",
          "checksum": "033acc0c7c7d2f046cc8adb4547499ef"
        },
        {
          "type": "icon",
          "assetId": "qcalXb22SQcF",
          "checksum": "be4efe695639b6e80e343e481e26f04e"
        },
        {
          "type": "image",
          "assetId": "ik3nME6AY9QL",
          "checksum": "f98f0419624ce9ecb32501f27891d650"
        },
        {
          "type": "image",
          "assetId": "2AOR6iwEH",
          "checksum": "25b97ce8bfc16dd5937a0caf0d2ded47"
        },
        {
          "type": "image",
          "assetId": "69sGUStcPr",
          "checksum": "bd656180816caa2b73ea3e6ad82eb35c"
        },
        {
          "type": "image",
          "assetId": "RvF4zi1_rq",
          "checksum": "34e518bfa892260d52efa5868757f833"
        },
        {
          "type": "image",
          "assetId": "3OF2p2d-OQ",
          "checksum": "fd3d5af322153f41fcee4eeeb4426124"
        },
        {
          "type": "image",
          "assetId": "qohPtaNR5T",
          "checksum": "9bdd5aa106ed8e99442f3c6ba1bef486"
        },
        {
          "type": "image",
          "assetId": "f_NHzEcYKN",
          "checksum": "144e70adab9bb0ca0f9a5754bf63c63f"
        },
        {
          "type": "image",
          "assetId": "i-uwvzWUoU",
          "checksum": "03c6052efac264b866083859af8fd19c"
        },
        {
          "type": "image",
          "assetId": "Hlss1G1xAh",
          "checksum": "c4b35eaf471daf5650cf1b6643864f16"
        },
        {
          "type": "renderModule",
          "assetId": "jCiHQkUtwa1",
          "checksum": "803b1c8dcc241d80ff19465e9090de78"
        },
        {
          "type": "cssRules",
          "assetId": "jCiHQkUtwa1",
          "checksum": "803b1c8dcc241d80ff19465e9090de78"
        },
        {
          "type": "renderModule",
          "assetId": "v_1uoljXHS",
          "checksum": "dba525ba652752473ad1f471cf351272"
        },
        {
          "type": "cssRules",
          "assetId": "v_1uoljXHS",
          "checksum": "dba525ba652752473ad1f471cf351272"
        },
        {
          "type": "icon",
          "assetId": "dTtTC6zw9_M",
          "checksum": "aabbe514dfef95aceecd059104571085"
        },
        {
          "type": "icon",
          "assetId": "zoW0V_gsSsu",
          "checksum": "ae4826d095f933165420a720f02e1823"
        },
        {
          "type": "image",
          "assetId": "4kljAfTdZ",
          "checksum": "5e022e4fed3f7013a27940e0a3b1aeec"
        },
        {
          "assetId": "vxhLNdYPiZkVHCUwHukgLS",
          "type": "projectCss",
          "checksum": "cbb1898a9227f512425b0c8647684633"
        },
        {
          "type": "image",
          "assetId": "X27ieKJgi",
          "checksum": "71f25a7eda191e3e41685d61ff952968"
        },
        {
          "type": "image",
          "assetId": "2gCjzanzn",
          "checksum": "78954fdf711de3c3a22b03251f9cd918"
        },
        {
          "type": "image",
          "assetId": "YMOv8ymxv",
          "checksum": "7f80e5d088cb835c710c601bcde6e837"
        },
        {
          "type": "image",
          "assetId": "Bu8TJwgt3",
          "checksum": "286b77495e359ecbe9d429b18b005058"
        },
        {
          "type": "image",
          "assetId": "sm5AcFFke",
          "checksum": "828a75fac78d1238c3c18f353ebdb9f8"
        }
      ],
      "codegenVersion": "0.0.1"
    }
  ],
  "cliVersion": "0.1.171"
}
