{
  "projects": [
    {
      "projectId": "vxhLNdYPiZkVHCUwHukgLS",
      "version": "latest",
      "dependencies": {},
      "lang": "ts",
      "fileLocks": [
        {
          "type": "globalVariant",
          "assetId": "BSAoCHpNAwrkE",
          "checksum": "204c65c4944dd43555943578b6004d1f"
        },
        {
          "type": "renderModule",
          "assetId": "HEzhWpoasdTp",
          "checksum": "e4f02721d8fb115399f031dbddf1d455"
        },
        {
          "type": "cssRules",
          "assetId": "HEzhWpoasdTp",
          "checksum": "e4f02721d8fb115399f031dbddf1d455"
        },
        {
          "type": "icon",
          "assetId": "prVyMtsdF4-r",
          "checksum": "033acc0c7c7d2f046cc8adb4547499ef"
        },
        {
          "type": "icon",
          "assetId": "qcalXb22SQcF",
          "checksum": "be4efe695639b6e80e343e481e26f04e"
        },
        {
          "type": "image",
          "assetId": "ik3nME6AY9QL",
          "checksum": "f98f0419624ce9ecb32501f27891d650"
        },
        {
          "type": "image",
          "assetId": "2AOR6iwEH",
          "checksum": "25b97ce8bfc16dd5937a0caf0d2ded47"
        },
        {
          "type": "image",
          "assetId": "69sGUStcPr",
          "checksum": "bd656180816caa2b73ea3e6ad82eb35c"
        },
        {
          "type": "image",
          "assetId": "RvF4zi1_rq",
          "checksum": "34e518bfa892260d52efa5868757f833"
        },
        {
          "type": "image",
          "assetId": "3OF2p2d-OQ",
          "checksum": "fd3d5af322153f41fcee4eeeb4426124"
        },
        {
          "type": "image",
          "assetId": "qohPtaNR5T",
          "checksum": "9bdd5aa106ed8e99442f3c6ba1bef486"
        },
        {
          "type": "image",
          "assetId": "f_NHzEcYKN",
          "checksum": "144e70adab9bb0ca0f9a5754bf63c63f"
        },
        {
          "type": "image",
          "assetId": "i-uwvzWUoU",
          "checksum": "03c6052efac264b866083859af8fd19c"
        },
        {
          "type": "image",
          "assetId": "Hlss1G1xAh",
          "checksum": "c4b35eaf471daf5650cf1b6643864f16"
        },
        {
          "type": "renderModule",
          "assetId": "jCiHQkUtwa1",
          "checksum": "bf6eb76856309c683b674fe9afc555ee"
        },
        {
          "type": "cssRules",
          "assetId": "jCiHQkUtwa1",
          "checksum": "bf6eb76856309c683b674fe9afc555ee"
        },
        {
          "type": "renderModule",
          "assetId": "v_1uoljXHS",
          "checksum": "ec2078030632a9e3a911152f63ae33d5"
        },
        {
          "type": "cssRules",
          "assetId": "v_1uoljXHS",
          "checksum": "ec2078030632a9e3a911152f63ae33d5"
        },
        {
          "type": "icon",
          "assetId": "dTtTC6zw9_M",
          "checksum": "aabbe514dfef95aceecd059104571085"
        },
        {
          "type": "icon",
          "assetId": "zoW0V_gsSsu",
          "checksum": "ae4826d095f933165420a720f02e1823"
        },
        {
          "type": "image",
          "assetId": "4kljAfTdZ",
          "checksum": "5e022e4fed3f7013a27940e0a3b1aeec"
        },
        {
          "assetId": "vxhLNdYPiZkVHCUwHukgLS",
          "type": "projectCss",
          "checksum": "f6cf0d1bdee98ad0050767835a8ab651"
        }
      ],
      "codegenVersion": "0.0.1"
    }
  ],
  "cliVersion": "0.1.171"
}
